
Microsoft Visual Studio Solution File, Format Version 12.00
# Visual Studio Version 16
VisualStudioVersion = 16.0.30907.101
MinimumVisualStudioVersion = 10.0.40219.1
Project("{9A19103F-16F7-4668-BE54-9A1E7A4F7556}") = "MarisolSpecFlow", "MarisolSpecFlow\MarisolSpecFlow.csproj", "{15BEC128-D561-4651-B0D7-60419B9C595C}"
EndProject
Project("{9A19103F-16F7-4668-BE54-9A1E7A4F7556}") = "MarisolWeb", "MarisolWeb\MarisolWeb.csproj", "{75CB9B65-86C4-40C8-8F3F-84754C72AD21}"
EndProject
Global
	GlobalSection(SolutionConfigurationPlatforms) = preSolution
		Debug|Any CPU = Debug|Any CPU
		Release|Any CPU = Release|Any CPU
	EndGlobalSection
	GlobalSection(ProjectConfigurationPlatforms) = postSolution
		{15BEC128-D561-4651-B0D7-60419B9C595C}.Debug|Any CPU.ActiveCfg = Debug|Any CPU
		{15BEC128-D561-4651-B0D7-60419B9C595C}.Debug|Any CPU.Build.0 = Debug|Any CPU
		{15BEC128-D561-4651-B0D7-60419B9C595C}.Release|Any CPU.ActiveCfg = Release|Any CPU
		{15BEC128-D561-4651-B0D7-60419B9C595C}.Release|Any CPU.Build.0 = Release|Any CPU
		{75CB9B65-86C4-40C8-8F3F-84754C72AD21}.Debug|Any CPU.ActiveCfg = Debug|Any CPU
		{75CB9B65-86C4-40C8-8F3F-84754C72AD21}.Debug|Any CPU.Build.0 = Debug|Any CPU
		{75CB9B65-86C4-40C8-8F3F-84754C72AD21}.Release|Any CPU.ActiveCfg = Release|Any CPU
		{75CB9B65-86C4-40C8-8F3F-84754C72AD21}.Release|Any CPU.Build.0 = Release|Any CPU
	EndGlobalSection
	GlobalSection(SolutionProperties) = preSolution
		HideSolutionNode = FALSE
	EndGlobalSection
	GlobalSection(ExtensibilityGlobals) = postSolution
		SolutionGuid = {A2375273-8BD5-45CD-BF05-C72F086511E5}
	EndGlobalSection
EndGlobal
